// !$*UTF8*$!
{
	archiveVersion = 1;
	classes = {
	};
	objectVersion = 46;
	objects = {

/* Begin PBXBuildFile section */
		3A9155E91CD4E85E008B428E /* GiltKit.h in Headers */ = {isa = PBXBuildFile; fileRef = 3A9155E81CD4E85E008B428E /* GiltKit.h */; settings = {ATTRIBUTES = (Public, ); }; };
		3A9155F31CD4EAD0008B428E /* Client.swift in Sources */ = {isa = PBXBuildFile; fileRef = 3A9155F21CD4EAD0008B428E /* Client.swift */; };
		3A9155F51CD4ECE7008B428E /* Sale.swift in Sources */ = {isa = PBXBuildFile; fileRef = 3A9155F41CD4ECE7008B428E /* Sale.swift */; };
		3A9155F71CD4FD9F008B428E /* DictionarySerialization.swift in Sources */ = {isa = PBXBuildFile; fileRef = 3A9155F61CD4FD9F008B428E /* DictionarySerialization.swift */; };
/* End PBXBuildFile section */

/* Begin PBXFileReference section */
		3A9155E51CD4E85E008B428E /* GiltKit.framework */ = {isa = PBXFileReference; explicitFileType = wrapper.framework; includeInIndex = 0; path = GiltKit.framework; sourceTree = BUILT_PRODUCTS_DIR; };
		3A9155E81CD4E85E008B428E /* GiltKit.h */ = {isa = PBXFileReference; lastKnownFileType = sourcecode.c.h; path = GiltKit.h; sourceTree = "<group>"; };
		3A9155EA1CD4E85E008B428E /* Info.plist */ = {isa = PBXFileReference; lastKnownFileType = text.plist.xml; path = Info.plist; sourceTree = "<group>"; };
		3A9155F21CD4EAD0008B428E /* Client.swift */ = {isa = PBXFileReference; fileEncoding = 4; lastKnownFileType = sourcecode.swift; path = Client.swift; sourceTree = "<group>"; };
		3A9155F41CD4ECE7008B428E /* Sale.swift */ = {isa = PBXFileReference; fileEncoding = 4; lastKnownFileType = sourcecode.swift; path = Sale.swift; sourceTree = "<group>"; };
		3A9155F61CD4FD9F008B428E /* DictionarySerialization.swift */ = {isa = PBXFileReference; fileEncoding = 4; lastKnownFileType = sourcecode.swift; path = DictionarySerialization.swift; sourceTree = "<group>"; };
/* End PBXFileReference section */

/* Begin PBXFrameworksBuildPhase section */
		3A9155E11CD4E85E008B428E /* Frameworks */ = {
			isa = PBXFrameworksBuildPhase;
			buildActionMask = 2147483647;
			files = (
			);
			runOnlyForDeploymentPostprocessing = 0;
		};
/* End PBXFrameworksBuildPhase section */

/* Begin PBXGroup section */
		3A9155DB1CD4E85E008B428E = {
			isa = PBXGroup;
			children = (
				3A9155E71CD4E85E008B428E /* GiltKit */,
				3A9155E61CD4E85E008B428E /* Products */,
			);
			sourceTree = "<group>";
		};
		3A9155E61CD4E85E008B428E /* Products */ = {
			isa = PBXGroup;
			children = (
				3A9155E51CD4E85E008B428E /* GiltKit.framework */,
			);
			name = Products;
			sourceTree = "<group>";
		};
		3A9155E71CD4E85E008B428E /* GiltKit */ = {
			isa = PBXGroup;
			children = (
				3A9155F61CD4FD9F008B428E /* DictionarySerialization.swift */,
				3A9155E81CD4E85E008B428E /* GiltKit.h */,
				3A9155F21CD4EAD0008B428E /* Client.swift */,
				3A9155F41CD4ECE7008B428E /* Sale.swift */,
				3A9155EA1CD4E85E008B428E /* Info.plist */,
			);
			path = GiltKit;
			sourceTree = "<group>";
		};
/* End PBXGroup section */

/* Begin PBXHeadersBuildPhase section */
		3A9155E21CD4E85E008B428E /* Headers */ = {
			isa = PBXHeadersBuildPhase;
			buildActionMask = 2147483647;
			files = (
				3A9155E91CD4E85E008B428E /* GiltKit.h in Headers */,
			);
			runOnlyForDeploymentPostprocessing = 0;
		};
/* End PBXHeadersBuildPhase section */

/* Begin PBXNativeTarget section */
		3A9155E41CD4E85E008B428E /* GiltKit */ = {
			isa = PBXNativeTarget;
			buildConfigurationList = 3A9155ED1CD4E85E008B428E /* Build configuration list for PBXNativeTarget "GiltKit" */;
			buildPhases = (
				3A9155E01CD4E85E008B428E /* Sources */,
				3A9155E11CD4E85E008B428E /* Frameworks */,
				3A9155E21CD4E85E008B428E /* Headers */,
				3A9155E31CD4E85E008B428E /* Resources */,
			);
			buildRules = (
			);
			dependencies = (
			);
			name = GiltKit;
			productName = GiltKit;
			productReference = 3A9155E51CD4E85E008B428E /* GiltKit.framework */;
			productType = "com.apple.product-type.framework";
		};
/* End PBXNativeTarget section */

/* Begin PBXProject section */
		3A9155DC1CD4E85E008B428E /* Project object */ = {
			isa = PBXProject;
			attributes = {
				LastUpgradeCheck = 0730;
				ORGANIZATIONNAME = "Dasmer Singh";
				TargetAttributes = {
					3A9155E41CD4E85E008B428E = {
						CreatedOnToolsVersion = 7.3;
					};
				};
			};
			buildConfigurationList = 3A9155DF1CD4E85E008B428E /* Build configuration list for PBXProject "GiltKit" */;
			compatibilityVersion = "Xcode 3.2";
			developmentRegion = English;
			hasScannedForEncodings = 0;
			knownRegions = (
				en,
			);
			mainGroup = 3A9155DB1CD4E85E008B428E;
			productRefGroup = 3A9155E61CD4E85E008B428E /* Products */;
			projectDirPath = "";
			projectRoot = "";
			targets = (
				3A9155E41CD4E85E008B428E /* GiltKit */,
			);
		};
/* End PBXProject section */

/* Begin PBXResourcesBuildPhase section */
		3A9155E31CD4E85E008B428E /* Resources */ = {
			isa = PBXResourcesBuildPhase;
			buildActionMask = 2147483647;
			files = (
			);
			runOnlyForDeploymentPostprocessing = 0;
		};
/* End PBXResourcesBuildPhase section */

/* Begin PBXSourcesBuildPhase section */
		3A9155E01CD4E85E008B428E /* Sources */ = {
			isa = PBXSourcesBuildPhase;
			buildActionMask = 2147483647;
			files = (
				3A9155F31CD4EAD0008B428E /* Client.swift in Sources */,
				3A9155F71CD4FD9F008B428E /* DictionarySerialization.swift in Sources */,
				3A9155F51CD4ECE7008B428E /* Sale.swift in Sources */,
			);
			runOnlyForDeploymentPostprocessing = 0;
		};
/* End PBXSourcesBuildPhase section */

/* Begin XCBuildConfiguration section */
		3A9155EB1CD4E85E008B428E /* Debug */ = {
			isa = XCBuildConfiguration;
			buildSettings = {
				ALWAYS_SEARCH_USER_PATHS = NO;
				CLANG_ANALYZER_NONNULL = YES;
				CLANG_CXX_LANGUAGE_STANDARD = "gnu++0x";
				CLANG_CXX_LIBRARY = "libc++";
				CLANG_ENABLE_MODULES = YES;
				CLANG_ENABLE_OBJC_ARC = YES;
				CLANG_WARN_BOOL_CONVERSION = YES;
				CLANG_WARN_CONSTANT_CONVERSION = YES;
				CLANG_WARN_DIRECT_OBJC_ISA_USAGE = YES_ERROR;
				CLANG_WARN_EMPTY_BODY = YES;
				CLANG_WARN_ENUM_CONVERSION = YES;
				CLANG_WARN_INT_CONVERSION = YES;
				CLANG_WARN_OBJC_ROOT_CLASS = YES_ERROR;
				CLANG_WARN_UNREACHABLE_CODE = YES;
				CLANG_WARN__DUPLICATE_METHOD_MATCH = YES;
				"CODE_SIGN_IDENTITY[sdk=iphoneos*]" = "iPhone Developer";
				COPY_PHASE_STRIP = NO;
				CURRENT_PROJECT_VERSION = 1;
				DEBUG_INFORMATION_FORMAT = dwarf;
				ENABLE_STRICT_OBJC_MSGSEND = YES;
				ENABLE_TESTABILITY = YES;
				GCC_C_LANGUAGE_STANDARD = gnu99;
				GCC_DYNAMIC_NO_PIC = NO;
				GCC_NO_COMMON_BLOCKS = YES;
				GCC_OPTIMIZATION_LEVEL = 0;
				GCC_PREPROCESSOR_DEFINITIONS = (
					"DEBUG=1",
					"$(inherited)",
				);
				GCC_WARN_64_TO_32_BIT_CONVERSION = YES;
				GCC_WARN_ABOUT_RETURN_TYPE = YES_ERROR;
				GCC_WARN_UNDECLARED_SELECTOR = YES;
				GCC_WARN_UNINITIALIZED_AUTOS = YES_AGGRESSIVE;
				GCC_WARN_UNUSED_FUNCTION = YES;
				GCC_WARN_UNUSED_VARIABLE = YES;
				IPHONEOS_DEPLOYMENT_TARGET = 9.3;
				MTL_ENABLE_DEBUG_INFO = YES;
				ONLY_ACTIVE_ARCH = YES;
				SDKROOT = iphoneos;
				SWIFT_OPTIMIZATION_LEVEL = "-Onone";
				TARGETED_DEVICE_FAMILY = "1,2";
				VERSIONING_SYSTEM = "apple-generic";
				VERSION_INFO_PREFIX = "";
			};
			name = Debug;
		};
		3A9155EC1CD4E85E008B428E /* Release */ = {
			isa = XCBuildConfiguration;
			buildSettings = {
				ALWAYS_SEARCH_USER_PATHS = NO;
				CLANG_ANALYZER_NONNULL = YES;
				CLANG_CXX_LANGUAGE_STANDARD = "gnu++0x";
				CLANG_CXX_LIBRARY = "libc++";
				CLANG_ENABLE_MODULES = YES;
				CLANG_ENABLE_OBJC_ARC = YES;
				CLANG_WARN_BOOL_CONVERSION = YES;
				CLANG_WARN_CONSTANT_CONVERSION = YES;
				CLANG_WARN_DIRECT_OBJC_ISA_USAGE = YES_ERROR;
				CLANG_WARN_EMPTY_BODY = YES;
				CLANG_WARN_ENUM_CONVERSION = YES;
				CLANG_WARN_INT_CONVERSION = YES;
				CLANG_WARN_OBJC_ROOT_CLASS = YES_ERROR;
				CLANG_WARN_UNREACHABLE_CODE = YES;
				CLANG_WARN__DUPLICATE_METHOD_MATCH = YES;
				"CODE_SIGN_IDENTITY[sdk=iphoneos*]" = "iPhone Developer";
				COPY_PHASE_STRIP = NO;
				CURRENT_PROJECT_VERSION = 1;
				DEBUG_INFORMATION_FORMAT = "dwarf-with-dsym";
				ENABLE_NS_ASSERTIONS = NO;
				ENABLE_STRICT_OBJC_MSGSEND = YES;
				GCC_C_LANGUAGE_STANDARD = gnu99;
				GCC_NO_COMMON_BLOCKS = YES;
				GCC_WARN_64_TO_32_BIT_CONVERSION = YES;
				GCC_WARN_ABOUT_RETURN_TYPE = YES_ERROR;
				GCC_WARN_UNDECLARED_SELECTOR = YES;
				GCC_WARN_UNINITIALIZED_AUTOS = YES_AGGRESSIVE;
				GCC_WARN_UNUSED_FUNCTION = YES;
				GCC_WARN_UNUSED_VARIABLE = YES;
				IPHONEOS_DEPLOYMENT_TARGET = 9.3;
				MTL_ENABLE_DEBUG_INFO = NO;
				SDKROOT = iphoneos;
				TARGETED_DEVICE_FAMILY = "1,2";
				VALIDATE_PRODUCT = YES;
				VERSIONING_SYSTEM = "apple-generic";
				VERSION_INFO_PREFIX = "";
			};
			name = Release;
		};
		3A9155EE1CD4E85E008B428E /* Debug */ = {
			isa = XCBuildConfiguration;
			buildSettings = {
				CLANG_ENABLE_MODULES = YES;
				DEFINES_MODULE = YES;
				DYLIB_COMPATIBILITY_VERSION = 1;
				DYLIB_CURRENT_VERSION = 1;
				DYLIB_INSTALL_NAME_BASE = "@rpath";
				INFOPLIST_FILE = GiltKit/Info.plist;
				INSTALL_PATH = "$(LOCAL_LIBRARY_DIR)/Frameworks";
				LD_RUNPATH_SEARCH_PATHS = "$(inherited) @executable_path/Frameworks @loader_path/Frameworks";
				PRODUCT_BUNDLE_IDENTIFIER = edu.columbia.GiltKit;
				PRODUCT_NAME = "$(TARGET_NAME)";
				SKIP_INSTALL = YES;
				SWIFT_OPTIMIZATION_LEVEL = "-Onone";
			};
			name = Debug;
		};
		3A9155EF1CD4E85E008B428E /* Release */ = {
			isa = XCBuildConfiguration;
			buildSettings = {
				CLANG_ENABLE_MODULES = YES;
				DEFINES_MODULE = YES;
				DYLIB_COMPATIBILITY_VERSION = 1;
				DYLIB_CURRENT_VERSION = 1;
				DYLIB_INSTALL_NAME_BASE = "@rpath";
				INFOPLIST_FILE = GiltKit/Info.plist;
				INSTALL_PATH = "$(LOCAL_LIBRARY_DIR)/Frameworks";
				LD_RUNPATH_SEARCH_PATHS = "$(inherited) @executable_path/Frameworks @loader_path/Frameworks";
				PRODUCT_BUNDLE_IDENTIFIER = edu.columbia.GiltKit;
				PRODUCT_NAME = "$(TARGET_NAME)";
				SKIP_INSTALL = YES;
			};
			name = Release;
		};
/* End XCBuildConfiguration section */

/* Begin XCConfigurationList section */
		3A9155DF1CD4E85E008B428E /* Build configuration list for PBXProject "GiltKit" */ = {
			isa = XCConfigurationList;
			buildConfigurations = (
				3A9155EB1CD4E85E008B428E /* Debug */,
				3A9155EC1CD4E85E008B428E /* Release */,
			);
			defaultConfigurationIsVisible = 0;
			defaultConfigurationName = Release;
		};
		3A9155ED1CD4E85E008B428E /* Build configuration list for PBXNativeTarget "GiltKit" */ = {
			isa = XCConfigurationList;
			buildConfigurations = (
				3A9155EE1CD4E85E008B428E /* Debug */,
				3A9155EF1CD4E85E008B428E /* Release */,
			);
			defaultConfigurationIsVisible = 0;
		};
/* End XCConfigurationList section */
	};
	rootObject = 3A9155DC1CD4E85E008B428E /* Project object */;
}
